
Microsoft Visual Studio Solution File, Format Version 12.00
# Visual Studio Version 16
VisualStudioVersion = 16.0.810.0
MinimumVisualStudioVersion = 10.0.40219.1
Project("{FAE04EC0-301F-11D3-BF4B-00C04F79EFBC}") = "OzonTask1", "OzonTask1\OzonTask1.csproj", "{BF20F7A0-1682-4B02-AD48-804974094299}"
EndProject
Global
	GlobalSection(SolutionConfigurationPlatforms) = preSolution
		Debug|Any CPU = Debug|Any CPU
		Release|Any CPU = Release|Any CPU
	EndGlobalSection
	GlobalSection(ProjectConfigurationPlatforms) = postSolution
		{BF20F7A0-1682-4B02-AD48-804974094299}.Debug|Any CPU.ActiveCfg = Debug|Any CPU
		{BF20F7A0-1682-4B02-AD48-804974094299}.Debug|Any CPU.Build.0 = Debug|Any CPU
		{BF20F7A0-1682-4B02-AD48-804974094299}.Release|Any CPU.ActiveCfg = Release|Any CPU
		{BF20F7A0-1682-4B02-AD48-804974094299}.Release|Any CPU.Build.0 = Release|Any CPU
	EndGlobalSection
	GlobalSection(SolutionProperties) = preSolution
		HideSolutionNode = FALSE
	EndGlobalSection
	GlobalSection(ExtensibilityGlobals) = postSolution
		SolutionGuid = {45B8D76D-44A1-47F7-8407-28878A61B43E}
	EndGlobalSection
EndGlobal
